
Microsoft Visual Studio Solution File, Format Version 12.00
# Visual Studio Version 17
VisualStudioVersion = 17.2.32616.157
MinimumVisualStudioVersion = 10.0.40219.1
Project("{FAE04EC0-301F-11D3-BF4B-00C04F79EFBC}") = "BL", "BL\BL.csproj", "{AEAE8920-6BA5-4C06-9CE7-495925E501DE}"
EndProject
Project("{FAE04EC0-301F-11D3-BF4B-00C04F79EFBC}") = "ML", "ML\ML.csproj", "{51C717B5-C316-4B99-B619-C1B741733604}"
EndProject
Project("{FAE04EC0-301F-11D3-BF4B-00C04F79EFBC}") = "DL", "DL\DL.csproj", "{6872533F-E604-475B-98DF-D1A32D640D24}"
EndProject
Project("{FAE04EC0-301F-11D3-BF4B-00C04F79EFBC}") = "PL", "PL\PL.csproj", "{7F417FFD-BE53-40B1-9877-B2C26D864A80}"
EndProject
Project("{FAE04EC0-301F-11D3-BF4B-00C04F79EFBC}") = "SL", "SL\SL.csproj", "{7D12DFB5-F82B-4CB0-BB75-C41E3E98AF6F}"
EndProject
Global
	GlobalSection(SolutionConfigurationPlatforms) = preSolution
		Debug|Any CPU = Debug|Any CPU
		Release|Any CPU = Release|Any CPU
	EndGlobalSection
	GlobalSection(ProjectConfigurationPlatforms) = postSolution
		{AEAE8920-6BA5-4C06-9CE7-495925E501DE}.Debug|Any CPU.ActiveCfg = Debug|Any CPU
		{AEAE8920-6BA5-4C06-9CE7-495925E501DE}.Debug|Any CPU.Build.0 = Debug|Any CPU
		{AEAE8920-6BA5-4C06-9CE7-495925E501DE}.Release|Any CPU.ActiveCfg = Release|Any CPU
		{AEAE8920-6BA5-4C06-9CE7-495925E501DE}.Release|Any CPU.Build.0 = Release|Any CPU
		{51C717B5-C316-4B99-B619-C1B741733604}.Debug|Any CPU.ActiveCfg = Debug|Any CPU
		{51C717B5-C316-4B99-B619-C1B741733604}.Debug|Any CPU.Build.0 = Debug|Any CPU
		{51C717B5-C316-4B99-B619-C1B741733604}.Release|Any CPU.ActiveCfg = Release|Any CPU
		{51C717B5-C316-4B99-B619-C1B741733604}.Release|Any CPU.Build.0 = Release|Any CPU
		{6872533F-E604-475B-98DF-D1A32D640D24}.Debug|Any CPU.ActiveCfg = Debug|Any CPU
		{6872533F-E604-475B-98DF-D1A32D640D24}.Debug|Any CPU.Build.0 = Debug|Any CPU
		{6872533F-E604-475B-98DF-D1A32D640D24}.Release|Any CPU.ActiveCfg = Release|Any CPU
		{6872533F-E604-475B-98DF-D1A32D640D24}.Release|Any CPU.Build.0 = Release|Any CPU
		{7F417FFD-BE53-40B1-9877-B2C26D864A80}.Debug|Any CPU.ActiveCfg = Debug|Any CPU
		{7F417FFD-BE53-40B1-9877-B2C26D864A80}.Debug|Any CPU.Build.0 = Debug|Any CPU
		{7F417FFD-BE53-40B1-9877-B2C26D864A80}.Release|Any CPU.ActiveCfg = Release|Any CPU
		{7F417FFD-BE53-40B1-9877-B2C26D864A80}.Release|Any CPU.Build.0 = Release|Any CPU
		{7D12DFB5-F82B-4CB0-BB75-C41E3E98AF6F}.Debug|Any CPU.ActiveCfg = Debug|Any CPU
		{7D12DFB5-F82B-4CB0-BB75-C41E3E98AF6F}.Debug|Any CPU.Build.0 = Debug|Any CPU
		{7D12DFB5-F82B-4CB0-BB75-C41E3E98AF6F}.Release|Any CPU.ActiveCfg = Release|Any CPU
		{7D12DFB5-F82B-4CB0-BB75-C41E3E98AF6F}.Release|Any CPU.Build.0 = Release|Any CPU
	EndGlobalSection
	GlobalSection(SolutionProperties) = preSolution
		HideSolutionNode = FALSE
	EndGlobalSection
	GlobalSection(ExtensibilityGlobals) = postSolution
		SolutionGuid = {611A4E64-634B-4768-936B-2621CDD8087B}
	EndGlobalSection
EndGlobal
